
Microsoft Visual Studio Solution File, Format Version 12.00
# Visual Studio Version 17
VisualStudioVersion = 17.11.35312.102
MinimumVisualStudioVersion = 10.0.40219.1
Project("{9A19103F-16F7-4668-BE54-9A1E7A4F7556}") = "barcode", "barcode\barcode.csproj", "{A08D6C2E-FD4F-4D8F-81A0-24C3F638FD1E}"
EndProject
Project("{9A19103F-16F7-4668-BE54-9A1E7A4F7556}") = "BarcodeLibrary", "BarcodeLibrary\BarcodeLibrary.csproj", "{BF94B2D2-3127-4FCF-B16C-6BBD3AD825FC}"
EndProject
Project("{FAE04EC0-301F-11D3-BF4B-00C04F79EFBC}") = "Showcase", "Showcase\Showcase.csproj", "{C7E05543-9D2F-4ADE-A1C8-E18D1D247514}"
EndProject
Global
	GlobalSection(SolutionConfigurationPlatforms) = preSolution
		Debug|Any CPU = Debug|Any CPU
		Release|Any CPU = Release|Any CPU
	EndGlobalSection
	GlobalSection(ProjectConfigurationPlatforms) = postSolution
		{A08D6C2E-FD4F-4D8F-81A0-24C3F638FD1E}.Debug|Any CPU.ActiveCfg = Debug|Any CPU
		{A08D6C2E-FD4F-4D8F-81A0-24C3F638FD1E}.Debug|Any CPU.Build.0 = Debug|Any CPU
		{A08D6C2E-FD4F-4D8F-81A0-24C3F638FD1E}.Release|Any CPU.ActiveCfg = Release|Any CPU
		{A08D6C2E-FD4F-4D8F-81A0-24C3F638FD1E}.Release|Any CPU.Build.0 = Release|Any CPU
		{BF94B2D2-3127-4FCF-B16C-6BBD3AD825FC}.Debug|Any CPU.ActiveCfg = Debug|Any CPU
		{BF94B2D2-3127-4FCF-B16C-6BBD3AD825FC}.Debug|Any CPU.Build.0 = Debug|Any CPU
		{BF94B2D2-3127-4FCF-B16C-6BBD3AD825FC}.Release|Any CPU.ActiveCfg = Release|Any CPU
		{BF94B2D2-3127-4FCF-B16C-6BBD3AD825FC}.Release|Any CPU.Build.0 = Release|Any CPU
		{C7E05543-9D2F-4ADE-A1C8-E18D1D247514}.Debug|Any CPU.ActiveCfg = Debug|Any CPU
		{C7E05543-9D2F-4ADE-A1C8-E18D1D247514}.Debug|Any CPU.Build.0 = Debug|Any CPU
		{C7E05543-9D2F-4ADE-A1C8-E18D1D247514}.Release|Any CPU.ActiveCfg = Release|Any CPU
		{C7E05543-9D2F-4ADE-A1C8-E18D1D247514}.Release|Any CPU.Build.0 = Release|Any CPU
	EndGlobalSection
	GlobalSection(SolutionProperties) = preSolution
		HideSolutionNode = FALSE
	EndGlobalSection
	GlobalSection(ExtensibilityGlobals) = postSolution
		SolutionGuid = {843A764E-677E-4658-BD58-E1D37830689C}
	EndGlobalSection
EndGlobal
